<?xml version="1.0" encoding="utf-8"?>
<Project ToolsVersion="4.0" xmlns="http://schemas.microsoft.com/developer/msbuild/2003">
  <ItemGroup>
    <Filter Include="Source Files">
      <UniqueIdentifier>{4FC737F1-C7A5-4376-A066-2A32D752A2FF}</UniqueIdentifier>
      <Extensions>cpp;c;cc;cxx;c++;def;odl;idl;hpj;bat;asm;asmx</Extensions>
    </Filter>
    <Filter Include="Header Files">
      <UniqueIdentifier>{93995380-89BD-4b04-88EB-625FBE52EBFB}</UniqueIdentifier>
      <Extensions>h;hh;hpp;hxx;h++;hm;inl;inc;ipp;xsd</Extensions>
    </Filter>
    <Filter Include="Resource Files">
      <UniqueIdentifier>{67DA6AB6-F800-4c08-8B7A-83BB121AAD01}</UniqueIdentifier>
      <Extensions>rc;ico;cur;bmp;dlg;rc2;rct;bin;rgs;gif;jpg;jpeg;jpe;resx;tiff;tif;png;wav;mfcribbon-ms</Extensions>
    </Filter>
    <Filter Include="Source Files\MathFilter">
      <UniqueIdentifier>{f95cea03-a8b2-41f6-9b05-e2158386e120}</UniqueIdentifier>
    </Filter>
    <Filter Include="Source Files\GamestateFilter">
      <UniqueIdentifier>{ca5d949c-c316-405a-b2cd-a448815fc60f}</UniqueIdentifier>
    </Filter>
    <Filter Include="Source Files\MemoryFilter">
      <UniqueIdentifier>{11d12b10-09d6-4687-81c8-fabd8f93ac34}</UniqueIdentifier>
    </Filter>
    <Filter Include="Source Files\ClockFilter">
      <UniqueIdentifier>{b9010a86-ea33-42c9-b191-bdd40064e1c2}</UniqueIdentifier>
    </Filter>
    <Filter Include="Source Files\Fonts">
      <UniqueIdentifier>{6f62ef05-9a3b-42b0-8bb8-dfc5f3ec493b}</UniqueIdentifier>
    </Filter>
    <Filter Include="Source Files\Main">
      <UniqueIdentifier>{1ea71f81-3c70-4c08-8f90-210492e0b9ce}</UniqueIdentifier>
    </Filter>
    <Filter Include="Source Files\Shaders">
      <UniqueIdentifier>{4ec53c8c-a56a-4abf-96b9-522f8a23b2ab}</UniqueIdentifier>
    </Filter>
    <Filter Include="Source Files\Sprites">
      <UniqueIdentifier>{4dae81c4-ffd4-421c-baf4-e07235b5f68a}</UniqueIdentifier>
    </Filter>
    <Filter Include="Source Files\EditorFilter">
      <UniqueIdentifier>{aa3e78fd-6237-4fa3-a961-af52babeb8e1}</UniqueIdentifier>
    </Filter>
    <Filter Include="Source Files\Text">
      <UniqueIdentifier>{f889a873-ed36-495c-a57d-df74ff344ed1}</UniqueIdentifier>
    </Filter>
    <Filter Include="Source Files\ParticleSystem">
      <UniqueIdentifier>{9fbefef0-25f4-4a9d-9d67-332fa17bc335}</UniqueIdentifier>
    </Filter>
    <Filter Include="Source Files\Shaders\DebugShaders">
      <UniqueIdentifier>{57e55ee6-1d41-44b0-bd62-e3e5ee61d8a7}</UniqueIdentifier>
    </Filter>
    <Filter Include="Source Files\ParseFilter">
      <UniqueIdentifier>{34879351-f1b1-4dab-ab5e-334f9b9d2e47}</UniqueIdentifier>
    </Filter>
    <Filter Include="Source Files\ExternalFilter">
      <UniqueIdentifier>{5c8677eb-d696-4d7f-8796-fa9bad87b6b0}</UniqueIdentifier>
    </Filter>
    <Filter Include="Source Files\ButtonFilter">
      <UniqueIdentifier>{f49365e6-462c-451c-9b0e-a7d506c30daa}</UniqueIdentifier>
    </Filter>
  </ItemGroup>
  <ItemGroup>
    <ClCompile Include="..\..\..\..\Downloads\glad (4)\src\glad.c">
      <Filter>Source Files</Filter>
    </ClCompile>
    <ClCompile Include="ResourceLoadText.cpp">
      <Filter>Source Files</Filter>
    </ClCompile>
    <ClCompile Include="IntPair.cpp">
      <Filter>Source Files\MathFilter</Filter>
    </ClCompile>
    <ClCompile Include="Grid.cpp">
      <Filter>Source Files\MathFilter</Filter>
    </ClCompile>
    <ClCompile Include="Walk.cpp">
      <Filter>Source Files\MathFilter</Filter>
    </ClCompile>
    <ClCompile Include="GameState.cpp">
      <Filter>Source Files\GamestateFilter</Filter>
    </ClCompile>
    <ClCompile Include="Memory.cpp">
      <Filter>Source Files\MemoryFilter</Filter>
    </ClCompile>
    <ClCompile Include="Camera.cpp">
      <Filter>Source Files\MathFilter</Filter>
    </ClCompile>
    <ClCompile Include="win32_platform.cpp">
      <Filter>Source Files\Main</Filter>
    </ClCompile>
    <ClCompile Include="Shader.cpp">
      <Filter>Source Files\Shaders</Filter>
    </ClCompile>
    <ClCompile Include="Sprites.cpp">
      <Filter>Source Files\Sprites</Filter>
    </ClCompile>
    <ClCompile Include="AABB.cpp">
      <Filter>Source Files\MathFilter</Filter>
    </ClCompile>
    <ClCompile Include="EditorTimeMachine.cpp">
      <Filter>Source Files\EditorFilter</Filter>
    </ClCompile>
    <ClCompile Include="Parse.cpp">
      <Filter>Source Files\ParseFilter</Filter>
    </ClCompile>
    <ClCompile Include="tinyfiledialogs.c">
      <Filter>Source Files\ExternalFilter</Filter>
    </ClCompile>
    <ClCompile Include="Regex.cpp">
      <Filter>Source Files</Filter>
    </ClCompile>
    <ClCompile Include="SaveLoad.cpp">
      <Filter>Source Files</Filter>
    </ClCompile>
    <ClCompile Include="Click.cpp">
      <Filter>Source Files</Filter>
    </ClCompile>
    <ClCompile Include="Animation.cpp">
      <Filter>Source Files\Main</Filter>
    </ClCompile>
    <ClCompile Include="World.cpp">
      <Filter>Source Files\EditorFilter</Filter>
    </ClCompile>
    <ClCompile Include="Source.cpp">
      <Filter>Source Files</Filter>
    </ClCompile>
  </ItemGroup>
  <ItemGroup>
    <None Include="gl_text.vs">
      <Filter>Source Files\Shaders\DebugShaders</Filter>
    </None>
    <None Include="gl_text.fs">
      <Filter>Source Files\Shaders\DebugShaders</Filter>
    </None>
    <None Include="draw_to_screen.vs">
      <Filter>Source Files\Shaders\DebugShaders</Filter>
    </None>
    <None Include="assets\dottedlines.f">
      <Filter>Source Files\Shaders</Filter>
    </None>
    <None Include="assets\dottedlines.vs">
      <Filter>Source Files\Shaders</Filter>
    </None>
    <None Include="assets\draw_to_screen.vs">
      <Filter>Source Files\Shaders</Filter>
    </None>
    <None Include="assets\fullsprite.vs">
      <Filter>Source Files\Shaders</Filter>
    </None>
    <None Include="assets\gl_text.fs">
      <Filter>Source Files\Shaders</Filter>
    </None>
    <None Include="assets\gl_text.vs">
      <Filter>Source Files\Shaders</Filter>
    </None>
    <None Include="assets\movesprite.f">
      <Filter>Source Files\Shaders</Filter>
    </None>
    <None Include="assets\movesprite.vs">
      <Filter>Source Files\Shaders</Filter>
    </None>
    <None Include="assets\sprite.f">
      <Filter>Source Files\Shaders</Filter>
    </None>
    <None Include="assets\sprite.vs">
      <Filter>Source Files\Shaders</Filter>
    </None>
    <None Include="assets\string.f">
      <Filter>Source Files\Shaders</Filter>
    </None>
    <None Include="assets\string.vs">
      <Filter>Source Files\Shaders</Filter>
    </None>
    <None Include="assets\text.vs">
      <Filter>Source Files\Shaders</Filter>
    </None>
  </ItemGroup>
  <ItemGroup>
    <ClInclude Include="Resource.h">
      <Filter>Source Files</Filter>
    </ClInclude>
    <ClInclude Include="Side.h">
      <Filter>Source Files\MathFilter</Filter>
    </ClInclude>
    <ClInclude Include="stb_image.h">
      <Filter>Source Files</Filter>
    </ClInclude>
    <ClInclude Include="GameState.h">
      <Filter>Source Files\GamestateFilter</Filter>
    </ClInclude>
    <ClInclude Include="Math.h">
      <Filter>Source Files\MathFilter</Filter>
    </ClInclude>
    <ClInclude Include="Memory.h">
      <Filter>Source Files\MemoryFilter</Filter>
    </ClInclude>
    <ClInclude Include="Clock.h">
      <Filter>Source Files\ClockFilter</Filter>
    </ClInclude>
    <ClInclude Include="Fonts.h">
      <Filter>Source Files\Fonts</Filter>
    </ClInclude>
    <ClInclude Include="Shader.h">
      <Filter>Source Files\Shaders</Filter>
    </ClInclude>
    <ClInclude Include="Sprites.h">
      <Filter>Source Files\Sprites</Filter>
    </ClInclude>
    <ClInclude Include="Editor.h">
      <Filter>Source Files\EditorFilter</Filter>
    </ClInclude>
    <ClInclude Include="Click.h">
      <Filter>Source Files</Filter>
    </ClInclude>
    <ClInclude Include="MainHelpers.h">
      <Filter>Source Files\Main</Filter>
    </ClInclude>
    <ClInclude Include="ParticleSystem.h">
      <Filter>Source Files\ParticleSystem</Filter>
    </ClInclude>
    <ClInclude Include="TrueFontCharacter.h">
      <Filter>Source Files\Text</Filter>
    </ClInclude>
    <ClInclude Include="TextureAtlas.h">
      <Filter>Source Files\Main</Filter>
    </ClInclude>
    <ClInclude Include="GamestateAI.h">
      <Filter>Source Files\GamestateFilter</Filter>
    </ClInclude>
    <ClInclude Include="Parse.h">
      <Filter>Source Files\ParseFilter</Filter>
    </ClInclude>
    <ClInclude Include="SaveLoad.h">
      <Filter>Source Files</Filter>
    </ClInclude>
    <ClInclude Include="tinyfiledialogs.h">
      <Filter>Source Files\ExternalFilter</Filter>
    </ClInclude>
    <ClInclude Include="World.h">
      <Filter>Source Files\EditorFilter</Filter>
    </ClInclude>
    <ClInclude Include="Regex.h">
      <Filter>Source Files</Filter>
    </ClInclude>
    <ClInclude Include="Animation.h">
      <Filter>Source Files\Main</Filter>
    </ClInclude>
    <ClInclude Include="Constants.h">
      <Filter>Source Files</Filter>
    </ClInclude>
    <ClInclude Include="PreludeIncludes.h">
      <Filter>Source Files\Main</Filter>
    </ClInclude>
    <ClInclude Include="gui.h">
      <Filter>Source Files\ButtonFilter</Filter>
    </ClInclude>
    <ClInclude Include="TextScene.h">
      <Filter>Source Files\EditorFilter</Filter>
    </ClInclude>
    <ClInclude Include="MenuScene.h">
      <Filter>Source Files\EditorFilter</Filter>
    </ClInclude>
    <ClInclude Include="EditorScene.h">
      <Filter>Source Files\EditorFilter</Filter>
    </ClInclude>
    <ClInclude Include="TextDraw.h">
      <Filter>Source Files\EditorFilter</Filter>
    </ClInclude>
  </ItemGroup>
</Project>